// !$*UTF8*$!
{
	archiveVersion = 1;
	classes = {
	};
	objectVersion = 46;
	objects = {

/* Begin PBXBuildFile section */
		C127F8711F49960D0005B94D /* filiter.metal in Sources */ = {isa = PBXBuildFile; fileRef = C127F8701F49960D0005B94D /* filiter.metal */; };
		C127F8741F49983B0005B94D /* MPSImageLut.m in Sources */ = {isa = PBXBuildFile; fileRef = C127F8731F49983B0005B94D /* MPSImageLut.m */; };
		C127F8881F4BD6110005B94D /* AVFoundation.framework in Frameworks */ = {isa = PBXBuildFile; fileRef = C127F8871F4BD6110005B94D /* AVFoundation.framework */; };
		C13DDFC31F4C174000CDCB38 /* VideoProvider.m in Sources */ = {isa = PBXBuildFile; fileRef = C13DDFC21F4C174000CDCB38 /* VideoProvider.m */; };
		C13DDFCC1F4D6F5B00CDCB38 /* CIFilter+ColorLUT.m in Sources */ = {isa = PBXBuildFile; fileRef = C13DDFCB1F4D6F5B00CDCB38 /* CIFilter+ColorLUT.m */; };
		C166B1B61F47097300ECEA9A /* shader.metal in Sources */ = {isa = PBXBuildFile; fileRef = C166B1B51F47097300ECEA9A /* shader.metal */; };
		C190DEF31F5815440096F502 /* MetalKit.framework in Frameworks */ = {isa = PBXBuildFile; fileRef = C190DEF21F5815440096F502 /* MetalKit.framework */; };
		C190DEF51F58155F0096F502 /* Metal.framework in Frameworks */ = {isa = PBXBuildFile; fileRef = C190DEF41F58155F0096F502 /* Metal.framework */; };
		C190DEF71F5815650096F502 /* MetalPerformanceShaders.framework in Frameworks */ = {isa = PBXBuildFile; fileRef = C190DEF61F5815650096F502 /* MetalPerformanceShaders.framework */; };
		C1DEEDA61F459B3500C63524 /* main.m in Sources */ = {isa = PBXBuildFile; fileRef = C1DEEDA51F459B3500C63524 /* main.m */; };
		C1DEEDA91F459B3500C63524 /* AppDelegate.m in Sources */ = {isa = PBXBuildFile; fileRef = C1DEEDA81F459B3500C63524 /* AppDelegate.m */; };
		C1DEEDAC1F459B3500C63524 /* ViewController.m in Sources */ = {isa = PBXBuildFile; fileRef = C1DEEDAB1F459B3500C63524 /* ViewController.m */; };
		C1DEEDAF1F459B3500C63524 /* Main.storyboard in Resources */ = {isa = PBXBuildFile; fileRef = C1DEEDAD1F459B3500C63524 /* Main.storyboard */; };
		C1DEEDB11F459B3500C63524 /* Assets.xcassets in Resources */ = {isa = PBXBuildFile; fileRef = C1DEEDB01F459B3500C63524 /* Assets.xcassets */; };
		C1DEEDB41F459B3500C63524 /* LaunchScreen.storyboard in Resources */ = {isa = PBXBuildFile; fileRef = C1DEEDB21F459B3500C63524 /* LaunchScreen.storyboard */; };
/* End PBXBuildFile section */

/* Begin PBXFileReference section */
		C127F8701F49960D0005B94D /* filiter.metal */ = {isa = PBXFileReference; fileEncoding = 4; lastKnownFileType = sourcecode.metal; path = filiter.metal; sourceTree = "<group>"; };
		C127F8721F49983B0005B94D /* MPSImageLut.h */ = {isa = PBXFileReference; fileEncoding = 4; lastKnownFileType = sourcecode.c.h; path = MPSImageLut.h; sourceTree = "<group>"; };
		C127F8731F49983B0005B94D /* MPSImageLut.m */ = {isa = PBXFileReference; fileEncoding = 4; lastKnownFileType = sourcecode.c.objc; path = MPSImageLut.m; sourceTree = "<group>"; };
		C127F8871F4BD6110005B94D /* AVFoundation.framework */ = {isa = PBXFileReference; lastKnownFileType = wrapper.framework; name = AVFoundation.framework; path = System/Library/Frameworks/AVFoundation.framework; sourceTree = SDKROOT; };
		C13DDFC11F4C174000CDCB38 /* VideoProvider.h */ = {isa = PBXFileReference; fileEncoding = 4; lastKnownFileType = sourcecode.c.h; path = VideoProvider.h; sourceTree = "<group>"; };
		C13DDFC21F4C174000CDCB38 /* VideoProvider.m */ = {isa = PBXFileReference; fileEncoding = 4; lastKnownFileType = sourcecode.c.objc; path = VideoProvider.m; sourceTree = "<group>"; };
		C13DDFCA1F4D6F5B00CDCB38 /* CIFilter+ColorLUT.h */ = {isa = PBXFileReference; fileEncoding = 4; lastKnownFileType = sourcecode.c.h; path = "CIFilter+ColorLUT.h"; sourceTree = "<group>"; };
		C13DDFCB1F4D6F5B00CDCB38 /* CIFilter+ColorLUT.m */ = {isa = PBXFileReference; fileEncoding = 4; lastKnownFileType = sourcecode.c.objc; path = "CIFilter+ColorLUT.m"; sourceTree = "<group>"; };
		C166B1B51F47097300ECEA9A /* shader.metal */ = {isa = PBXFileReference; fileEncoding = 4; lastKnownFileType = sourcecode.metal; path = shader.metal; sourceTree = "<group>"; };
		C190DEF21F5815440096F502 /* MetalKit.framework */ = {isa = PBXFileReference; lastKnownFileType = wrapper.framework; name = MetalKit.framework; path = System/Library/Frameworks/MetalKit.framework; sourceTree = SDKROOT; };
		C190DEF41F58155F0096F502 /* Metal.framework */ = {isa = PBXFileReference; lastKnownFileType = wrapper.framework; name = Metal.framework; path = System/Library/Frameworks/Metal.framework; sourceTree = SDKROOT; };
		C190DEF61F5815650096F502 /* MetalPerformanceShaders.framework */ = {isa = PBXFileReference; lastKnownFileType = wrapper.framework; name = MetalPerformanceShaders.framework; path = System/Library/Frameworks/MetalPerformanceShaders.framework; sourceTree = SDKROOT; };
		C1DEEDA11F459B3500C63524 /* MPSDemo.app */ = {isa = PBXFileReference; explicitFileType = wrapper.application; includeInIndex = 0; path = MPSDemo.app; sourceTree = BUILT_PRODUCTS_DIR; };
		C1DEEDA51F459B3500C63524 /* main.m */ = {isa = PBXFileReference; lastKnownFileType = sourcecode.c.objc; path = main.m; sourceTree = "<group>"; };
		C1DEEDA71F459B3500C63524 /* AppDelegate.h */ = {isa = PBXFileReference; lastKnownFileType = sourcecode.c.h; path = AppDelegate.h; sourceTree = "<group>"; };
		C1DEEDA81F459B3500C63524 /* AppDelegate.m */ = {isa = PBXFileReference; lastKnownFileType = sourcecode.c.objc; path = AppDelegate.m; sourceTree = "<group>"; };
		C1DEEDAA1F459B3500C63524 /* ViewController.h */ = {isa = PBXFileReference; lastKnownFileType = sourcecode.c.h; path = ViewController.h; sourceTree = "<group>"; };
		C1DEEDAB1F459B3500C63524 /* ViewController.m */ = {isa = PBXFileReference; lastKnownFileType = sourcecode.c.objc; path = ViewController.m; sourceTree = "<group>"; };
		C1DEEDAE1F459B3500C63524 /* Base */ = {isa = PBXFileReference; lastKnownFileType = file.storyboard; name = Base; path = Base.lproj/Main.storyboard; sourceTree = "<group>"; };
		C1DEEDB01F459B3500C63524 /* Assets.xcassets */ = {isa = PBXFileReference; lastKnownFileType = folder.assetcatalog; path = Assets.xcassets; sourceTree = "<group>"; };
		C1DEEDB31F459B3500C63524 /* Base */ = {isa = PBXFileReference; lastKnownFileType = file.storyboard; name = Base; path = Base.lproj/LaunchScreen.storyboard; sourceTree = "<group>"; };
		C1DEEDB51F459B3500C63524 /* Info.plist */ = {isa = PBXFileReference; lastKnownFileType = text.plist.xml; path = Info.plist; sourceTree = "<group>"; };
/* End PBXFileReference section */

/* Begin PBXFrameworksBuildPhase section */
		C1DEED9E1F459B3500C63524 /* Frameworks */ = {
			isa = PBXFrameworksBuildPhase;
			buildActionMask = 2147483647;
			files = (
				C190DEF71F5815650096F502 /* MetalPerformanceShaders.framework in Frameworks */,
				C190DEF51F58155F0096F502 /* Metal.framework in Frameworks */,
				C190DEF31F5815440096F502 /* MetalKit.framework in Frameworks */,
				C127F8881F4BD6110005B94D /* AVFoundation.framework in Frameworks */,
			);
			runOnlyForDeploymentPostprocessing = 0;
		};
/* End PBXFrameworksBuildPhase section */

/* Begin PBXGroup section */
		C127F8861F4BD6110005B94D /* Frameworks */ = {
			isa = PBXGroup;
			children = (
				C190DEF61F5815650096F502 /* MetalPerformanceShaders.framework */,
				C190DEF41F58155F0096F502 /* Metal.framework */,
				C190DEF21F5815440096F502 /* MetalKit.framework */,
				C127F8871F4BD6110005B94D /* AVFoundation.framework */,
			);
			name = Frameworks;
			sourceTree = "<group>";
		};
		C1DEED981F459B3500C63524 = {
			isa = PBXGroup;
			children = (
				C127F8701F49960D0005B94D /* filiter.metal */,
				C166B1B51F47097300ECEA9A /* shader.metal */,
				C1DEEDA31F459B3500C63524 /* MPSDemo */,
				C1DEEDA21F459B3500C63524 /* Products */,
				C127F8861F4BD6110005B94D /* Frameworks */,
			);
			sourceTree = "<group>";
		};
		C1DEEDA21F459B3500C63524 /* Products */ = {
			isa = PBXGroup;
			children = (
				C1DEEDA11F459B3500C63524 /* MPSDemo.app */,
			);
			name = Products;
			sourceTree = "<group>";
		};
		C1DEEDA31F459B3500C63524 /* MPSDemo */ = {
			isa = PBXGroup;
			children = (
				C1DEEDA71F459B3500C63524 /* AppDelegate.h */,
				C1DEEDA81F459B3500C63524 /* AppDelegate.m */,
				C1DEEDAA1F459B3500C63524 /* ViewController.h */,
				C1DEEDAB1F459B3500C63524 /* ViewController.m */,
				C13DDFCA1F4D6F5B00CDCB38 /* CIFilter+ColorLUT.h */,
				C13DDFCB1F4D6F5B00CDCB38 /* CIFilter+ColorLUT.m */,
				C1DEEDAD1F459B3500C63524 /* Main.storyboard */,
				C1DEEDB01F459B3500C63524 /* Assets.xcassets */,
				C1DEEDB21F459B3500C63524 /* LaunchScreen.storyboard */,
				C1DEEDB51F459B3500C63524 /* Info.plist */,
				C1DEEDA41F459B3500C63524 /* Supporting Files */,
				C127F8721F49983B0005B94D /* MPSImageLut.h */,
				C127F8731F49983B0005B94D /* MPSImageLut.m */,
				C13DDFC11F4C174000CDCB38 /* VideoProvider.h */,
				C13DDFC21F4C174000CDCB38 /* VideoProvider.m */,
			);
			path = MPSDemo;
			sourceTree = "<group>";
		};
		C1DEEDA41F459B3500C63524 /* Supporting Files */ = {
			isa = PBXGroup;
			children = (
				C1DEEDA51F459B3500C63524 /* main.m */,
			);
			name = "Supporting Files";
			sourceTree = "<group>";
		};
/* End PBXGroup section */

/* Begin PBXNativeTarget section */
		C1DEEDA01F459B3500C63524 /* MPSDemo */ = {
			isa = PBXNativeTarget;
			buildConfigurationList = C1DEEDB81F459B3500C63524 /* Build configuration list for PBXNativeTarget "MPSDemo" */;
			buildPhases = (
				C1DEED9D1F459B3500C63524 /* Sources */,
				C1DEED9E1F459B3500C63524 /* Frameworks */,
				C1DEED9F1F459B3500C63524 /* Resources */,
			);
			buildRules = (
			);
			dependencies = (
			);
			name = MPSDemo;
			productName = MPSDemo;
			productReference = C1DEEDA11F459B3500C63524 /* MPSDemo.app */;
			productType = "com.apple.product-type.application";
		};
/* End PBXNativeTarget section */

/* Begin PBXProject section */
		C1DEED991F459B3500C63524 /* Project object */ = {
			isa = PBXProject;
			attributes = {
				LastUpgradeCheck = 0830;
				ORGANIZATIONNAME = danny.lau;
				TargetAttributes = {
					C1DEEDA01F459B3500C63524 = {
						CreatedOnToolsVersion = 8.3.3;
						DevelopmentTeam = U6E69BA672;
						ProvisioningStyle = Automatic;
					};
				};
			};
			buildConfigurationList = C1DEED9C1F459B3500C63524 /* Build configuration list for PBXProject "MPSDemo" */;
			compatibilityVersion = "Xcode 3.2";
			developmentRegion = English;
			hasScannedForEncodings = 0;
			knownRegions = (
				en,
				Base,
			);
			mainGroup = C1DEED981F459B3500C63524;
			productRefGroup = C1DEEDA21F459B3500C63524 /* Products */;
			projectDirPath = "";
			projectRoot = "";
			targets = (
				C1DEEDA01F459B3500C63524 /* MPSDemo */,
			);
		};
/* End PBXProject section */

/* Begin PBXResourcesBuildPhase section */
		C1DEED9F1F459B3500C63524 /* Resources */ = {
			isa = PBXResourcesBuildPhase;
			buildActionMask = 2147483647;
			files = (
				C1DEEDB41F459B3500C63524 /* LaunchScreen.storyboard in Resources */,
				C1DEEDB11F459B3500C63524 /* Assets.xcassets in Resources */,
				C1DEEDAF1F459B3500C63524 /* Main.storyboard in Resources */,
			);
			runOnlyForDeploymentPostprocessing = 0;
		};
/* End PBXResourcesBuildPhase section */

/* Begin PBXSourcesBuildPhase section */
		C1DEED9D1F459B3500C63524 /* Sources */ = {
			isa = PBXSourcesBuildPhase;
			buildActionMask = 2147483647;
			files = (
				C1DEEDAC1F459B3500C63524 /* ViewController.m in Sources */,
				C13DDFC31F4C174000CDCB38 /* VideoProvider.m in Sources */,
				C1DEEDA91F459B3500C63524 /* AppDelegate.m in Sources */,
				C1DEEDA61F459B3500C63524 /* main.m in Sources */,
				C13DDFCC1F4D6F5B00CDCB38 /* CIFilter+ColorLUT.m in Sources */,
				C127F8741F49983B0005B94D /* MPSImageLut.m in Sources */,
				C166B1B61F47097300ECEA9A /* shader.metal in Sources */,
				C127F8711F49960D0005B94D /* filiter.metal in Sources */,
			);
			runOnlyForDeploymentPostprocessing = 0;
		};
/* End PBXSourcesBuildPhase section */

/* Begin PBXVariantGroup section */
		C1DEEDAD1F459B3500C63524 /* Main.storyboard */ = {
			isa = PBXVariantGroup;
			children = (
				C1DEEDAE1F459B3500C63524 /* Base */,
			);
			name = Main.storyboard;
			sourceTree = "<group>";
		};
		C1DEEDB21F459B3500C63524 /* LaunchScreen.storyboard */ = {
			isa = PBXVariantGroup;
			children = (
				C1DEEDB31F459B3500C63524 /* Base */,
			);
			name = LaunchScreen.storyboard;
			sourceTree = "<group>";
		};
/* End PBXVariantGroup section */

/* Begin XCBuildConfiguration section */
		C1DEEDB61F459B3500C63524 /* Debug */ = {
			isa = XCBuildConfiguration;
			buildSettings = {
				ALWAYS_SEARCH_USER_PATHS = NO;
				CLANG_ANALYZER_NONNULL = YES;
				CLANG_ANALYZER_NUMBER_OBJECT_CONVERSION = YES_AGGRESSIVE;
				CLANG_CXX_LANGUAGE_STANDARD = "gnu++0x";
				CLANG_CXX_LIBRARY = "libc++";
				CLANG_ENABLE_MODULES = YES;
				CLANG_ENABLE_OBJC_ARC = YES;
				CLANG_WARN_BOOL_CONVERSION = YES;
				CLANG_WARN_CONSTANT_CONVERSION = YES;
				CLANG_WARN_DIRECT_OBJC_ISA_USAGE = YES_ERROR;
				CLANG_WARN_DOCUMENTATION_COMMENTS = YES;
				CLANG_WARN_EMPTY_BODY = YES;
				CLANG_WARN_ENUM_CONVERSION = YES;
				CLANG_WARN_INFINITE_RECURSION = YES;
				CLANG_WARN_INT_CONVERSION = YES;
				CLANG_WARN_OBJC_ROOT_CLASS = YES_ERROR;
				CLANG_WARN_SUSPICIOUS_MOVE = YES;
				CLANG_WARN_UNREACHABLE_CODE = YES;
				CLANG_WARN__DUPLICATE_METHOD_MATCH = YES;
				"CODE_SIGN_IDENTITY[sdk=iphoneos*]" = "iPhone Developer";
				COPY_PHASE_STRIP = NO;
				DEBUG_INFORMATION_FORMAT = dwarf;
				ENABLE_STRICT_OBJC_MSGSEND = YES;
				ENABLE_TESTABILITY = YES;
				GCC_C_LANGUAGE_STANDARD = gnu99;
				GCC_DYNAMIC_NO_PIC = NO;
				GCC_NO_COMMON_BLOCKS = YES;
				GCC_OPTIMIZATION_LEVEL = 0;
				GCC_PREPROCESSOR_DEFINITIONS = (
					"DEBUG=1",
					"$(inherited)",
				);
				GCC_WARN_64_TO_32_BIT_CONVERSION = YES;
				GCC_WARN_ABOUT_RETURN_TYPE = YES_ERROR;
				GCC_WARN_UNDECLARED_SELECTOR = YES;
				GCC_WARN_UNINITIALIZED_AUTOS = YES_AGGRESSIVE;
				GCC_WARN_UNUSED_FUNCTION = YES;
				GCC_WARN_UNUSED_VARIABLE = YES;
				IPHONEOS_DEPLOYMENT_TARGET = 10.3;
				MTL_ENABLE_DEBUG_INFO = YES;
				ONLY_ACTIVE_ARCH = YES;
				SDKROOT = iphoneos;
				TARGETED_DEVICE_FAMILY = "1,2";
			};
			name = Debug;
		};
		C1DEEDB71F459B3500C63524 /* Release */ = {
			isa = XCBuildConfiguration;
			buildSettings = {
				ALWAYS_SEARCH_USER_PATHS = NO;
				CLANG_ANALYZER_NONNULL = YES;
				CLANG_ANALYZER_NUMBER_OBJECT_CONVERSION = YES_AGGRESSIVE;
				CLANG_CXX_LANGUAGE_STANDARD = "gnu++0x";
				CLANG_CXX_LIBRARY = "libc++";
				CLANG_ENABLE_MODULES = YES;
				CLANG_ENABLE_OBJC_ARC = YES;
				CLANG_WARN_BOOL_CONVERSION = YES;
				CLANG_WARN_CONSTANT_CONVERSION = YES;
				CLANG_WARN_DIRECT_OBJC_ISA_USAGE = YES_ERROR;
				CLANG_WARN_DOCUMENTATION_COMMENTS = YES;
				CLANG_WARN_EMPTY_BODY = YES;
				CLANG_WARN_ENUM_CONVERSION = YES;
				CLANG_WARN_INFINITE_RECURSION = YES;
				CLANG_WARN_INT_CONVERSION = YES;
				CLANG_WARN_OBJC_ROOT_CLASS = YES_ERROR;
				CLANG_WARN_SUSPICIOUS_MOVE = YES;
				CLANG_WARN_UNREACHABLE_CODE = YES;
				CLANG_WARN__DUPLICATE_METHOD_MATCH = YES;
				"CODE_SIGN_IDENTITY[sdk=iphoneos*]" = "iPhone Developer";
				COPY_PHASE_STRIP = NO;
				DEBUG_INFORMATION_FORMAT = "dwarf-with-dsym";
				ENABLE_NS_ASSERTIONS = NO;
				ENABLE_STRICT_OBJC_MSGSEND = YES;
				GCC_C_LANGUAGE_STANDARD = gnu99;
				GCC_NO_COMMON_BLOCKS = YES;
				GCC_WARN_64_TO_32_BIT_CONVERSION = YES;
				GCC_WARN_ABOUT_RETURN_TYPE = YES_ERROR;
				GCC_WARN_UNDECLARED_SELECTOR = YES;
				GCC_WARN_UNINITIALIZED_AUTOS = YES_AGGRESSIVE;
				GCC_WARN_UNUSED_FUNCTION = YES;
				GCC_WARN_UNUSED_VARIABLE = YES;
				IPHONEOS_DEPLOYMENT_TARGET = 10.3;
				MTL_ENABLE_DEBUG_INFO = NO;
				SDKROOT = iphoneos;
				TARGETED_DEVICE_FAMILY = "1,2";
				VALIDATE_PRODUCT = YES;
			};
			name = Release;
		};
		C1DEEDB91F459B3500C63524 /* Debug */ = {
			isa = XCBuildConfiguration;
			buildSettings = {
				ASSETCATALOG_COMPILER_APPICON_NAME = AppIcon;
				DEVELOPMENT_TEAM = U6E69BA672;
				INFOPLIST_FILE = MPSDemo/Info.plist;
				LD_RUNPATH_SEARCH_PATHS = "$(inherited) @executable_path/Frameworks";
				PRODUCT_BUNDLE_IDENTIFIER = com.dl.MPSDemo;
				PRODUCT_NAME = "$(TARGET_NAME)";
			};
			name = Debug;
		};
		C1DEEDBA1F459B3500C63524 /* Release */ = {
			isa = XCBuildConfiguration;
			buildSettings = {
				ASSETCATALOG_COMPILER_APPICON_NAME = AppIcon;
				DEVELOPMENT_TEAM = U6E69BA672;
				INFOPLIST_FILE = MPSDemo/Info.plist;
				LD_RUNPATH_SEARCH_PATHS = "$(inherited) @executable_path/Frameworks";
				PRODUCT_BUNDLE_IDENTIFIER = com.dl.MPSDemo;
				PRODUCT_NAME = "$(TARGET_NAME)";
			};
			name = Release;
		};
/* End XCBuildConfiguration section */

/* Begin XCConfigurationList section */
		C1DEED9C1F459B3500C63524 /* Build configuration list for PBXProject "MPSDemo" */ = {
			isa = XCConfigurationList;
			buildConfigurations = (
				C1DEEDB61F459B3500C63524 /* Debug */,
				C1DEEDB71F459B3500C63524 /* Release */,
			);
			defaultConfigurationIsVisible = 0;
			defaultConfigurationName = Release;
		};
		C1DEEDB81F459B3500C63524 /* Build configuration list for PBXNativeTarget "MPSDemo" */ = {
			isa = XCConfigurationList;
			buildConfigurations = (
				C1DEEDB91F459B3500C63524 /* Debug */,
				C1DEEDBA1F459B3500C63524 /* Release */,
			);
			defaultConfigurationIsVisible = 0;
			defaultConfigurationName = Release;
		};
/* End XCConfigurationList section */
	};
	rootObject = C1DEED991F459B3500C63524 /* Project object */;
}
